// !$*UTF8*$!
{
	archiveVersion = 1;
	classes = {
	};
	objectVersion = 50;
	objects = {

/* Begin PBXBuildFile section */
		E0171B9E25FFA0DB00A0B404 /* SelectViewModel.swift in Sources */ = {isa = PBXBuildFile; fileRef = E0171B9D25FFA0DB00A0B404 /* SelectViewModel.swift */; };
		E0171BAF260125E200A0B404 /* WeatherView.swift in Sources */ = {isa = PBXBuildFile; fileRef = E0171BAE260125E200A0B404 /* WeatherView.swift */; };
		E0171BB4260125EF00A0B404 /* WeatherCell.swift in Sources */ = {isa = PBXBuildFile; fileRef = E0171BB3260125EF00A0B404 /* WeatherCell.swift */; };
		E0171BB9260125FB00A0B404 /* WeatherDteailView.swift in Sources */ = {isa = PBXBuildFile; fileRef = E0171BB8260125FB00A0B404 /* WeatherDteailView.swift */; };
		E0171BBF2601261800A0B404 /* WeatherFetcher.swift in Sources */ = {isa = PBXBuildFile; fileRef = E0171BBE2601261800A0B404 /* WeatherFetcher.swift */; };
		E0171BC42601262100A0B404 /* WeatherResponse.swift in Sources */ = {isa = PBXBuildFile; fileRef = E0171BC32601262100A0B404 /* WeatherResponse.swift */; };
		E0171BCD2601306D00A0B404 /* Weather.json in Resources */ = {isa = PBXBuildFile; fileRef = E0171BCC2601306D00A0B404 /* Weather.json */; };
		E0171BD22601309900A0B404 /* WeatherFakeData.swift in Sources */ = {isa = PBXBuildFile; fileRef = E0171BD12601309900A0B404 /* WeatherFakeData.swift */; };
		E0171BDA2601329B00A0B404 /* WeatherTest.swift in Sources */ = {isa = PBXBuildFile; fileRef = E0171BD92601329B00A0B404 /* WeatherTest.swift */; };
		E02D92E025EFB68000C2E692 /* FixerTest.swift in Sources */ = {isa = PBXBuildFile; fileRef = E02F071125E965FD004A1748 /* FixerTest.swift */; };
		E02F06CD25E93460004A1748 /* HTTPHelper.swift in Sources */ = {isa = PBXBuildFile; fileRef = E02F06CC25E93460004A1748 /* HTTPHelper.swift */; };
		E02F06D225E934AD004A1748 /* HTTPError.swift in Sources */ = {isa = PBXBuildFile; fileRef = E02F06D125E934AD004A1748 /* HTTPError.swift */; };
		E02F06D925E938E4004A1748 /* RestcountriesFetcher.swift in Sources */ = {isa = PBXBuildFile; fileRef = E02F06D825E938E4004A1748 /* RestcountriesFetcher.swift */; };
		E02F06DE25E93A14004A1748 /* RestcountriesResponse.swift in Sources */ = {isa = PBXBuildFile; fileRef = E02F06DD25E93A14004A1748 /* RestcountriesResponse.swift */; };
		E02F06E425E93C07004A1748 /* Parsing.swift in Sources */ = {isa = PBXBuildFile; fileRef = E02F06E325E93C07004A1748 /* Parsing.swift */; };
		E02F06E925E93FE4004A1748 /* FixerFetcher.swift in Sources */ = {isa = PBXBuildFile; fileRef = E02F06E825E93FE4004A1748 /* FixerFetcher.swift */; };
		E02F06EE25E93FEE004A1748 /* FixerResponse.swift in Sources */ = {isa = PBXBuildFile; fileRef = E02F06ED25E93FEE004A1748 /* FixerResponse.swift */; };
		E02F06F325E94578004A1748 /* MokeURLSession.swift in Sources */ = {isa = PBXBuildFile; fileRef = E02F06F225E94578004A1748 /* MokeURLSession.swift */; };
		E02F070525E965CA004A1748 /* Fixer.json in Resources */ = {isa = PBXBuildFile; fileRef = E02F070425E965CA004A1748 /* Fixer.json */; };
		E02F070D25E965DD004A1748 /* FixerFakeResponse.swift in Sources */ = {isa = PBXBuildFile; fileRef = E02F070C25E965DD004A1748 /* FixerFakeResponse.swift */; };
		E02F072025E9663C004A1748 /* RestcountriesFakeResponse.swift in Sources */ = {isa = PBXBuildFile; fileRef = E02F071F25E9663C004A1748 /* RestcountriesFakeResponse.swift */; };
		E02F072525E9664B004A1748 /* Restcountries.json in Resources */ = {isa = PBXBuildFile; fileRef = E02F072425E9664B004A1748 /* Restcountries.json */; };
		E0445C4225FB9D3F00735DA8 /* SearchBar.swift in Sources */ = {isa = PBXBuildFile; fileRef = E0445C4125FB9D3F00735DA8 /* SearchBar.swift */; };
		E08965C325FA6A06007A2EE1 /* RestcountriesTest.swift in Sources */ = {isa = PBXBuildFile; fileRef = E02F071725E9662A004A1748 /* RestcountriesTest.swift */; };
		E0A8FC8425E565EE001783D3 /* UltimateTravelerTool_SwiftUIApp.swift in Sources */ = {isa = PBXBuildFile; fileRef = E0A8FC8325E565EE001783D3 /* UltimateTravelerTool_SwiftUIApp.swift */; };
		E0A8FC8625E565EE001783D3 /* ContentView.swift in Sources */ = {isa = PBXBuildFile; fileRef = E0A8FC8525E565EE001783D3 /* ContentView.swift */; };
		E0A8FC8825E565EF001783D3 /* Assets.xcassets in Resources */ = {isa = PBXBuildFile; fileRef = E0A8FC8725E565EF001783D3 /* Assets.xcassets */; };
		E0A8FC8B25E565EF001783D3 /* Preview Assets.xcassets in Resources */ = {isa = PBXBuildFile; fileRef = E0A8FC8A25E565EF001783D3 /* Preview Assets.xcassets */; };
		E0A8FC9625E565EF001783D3 /* UltimateTravelerTool_SwiftUITests.swift in Sources */ = {isa = PBXBuildFile; fileRef = E0A8FC9525E565EF001783D3 /* UltimateTravelerTool_SwiftUITests.swift */; };
		E0A8FCA125E565EF001783D3 /* UltimateTravelerTool_SwiftUIUITests.swift in Sources */ = {isa = PBXBuildFile; fileRef = E0A8FCA025E565EF001783D3 /* UltimateTravelerTool_SwiftUIUITests.swift */; };
		E0A8FCC625E566B8001783D3 /* APIConfigs.swift in Sources */ = {isa = PBXBuildFile; fileRef = E0A8FCC525E566B8001783D3 /* APIConfigs.swift */; };
		E0CA5AD625EBF01E00F1449B /* ExchangeView.swift in Sources */ = {isa = PBXBuildFile; fileRef = E0CA5AD525EBF01E00F1449B /* ExchangeView.swift */; };
		E0CA5ADE25EBF32F00F1449B /* ExchangeViewModel.swift in Sources */ = {isa = PBXBuildFile; fileRef = E0CA5ADD25EBF32F00F1449B /* ExchangeViewModel.swift */; };
		E0CA5AE325EBF4C000F1449B /* CurrencyView.swift in Sources */ = {isa = PBXBuildFile; fileRef = E0CA5AE225EBF4C000F1449B /* CurrencyView.swift */; };
		E0CA5AF325EC048000F1449B /* SelectCurrencyView.swift in Sources */ = {isa = PBXBuildFile; fileRef = E0CA5AF225EC048000F1449B /* SelectCurrencyView.swift */; };
		E0CA5AF825EC07C800F1449B /* CountryListView.swift in Sources */ = {isa = PBXBuildFile; fileRef = E0CA5AF725EC07C800F1449B /* CountryListView.swift */; };
		E0CA5AFD25EC0BD600F1449B /* CurrencyListView.swift in Sources */ = {isa = PBXBuildFile; fileRef = E0CA5AFC25EC0BD600F1449B /* CurrencyListView.swift */; };
		E0DC055125FA3F38009CF2B6 /* HTTPSession.swift in Sources */ = {isa = PBXBuildFile; fileRef = E0DC055025FA3F38009CF2B6 /* HTTPSession.swift */; };
		E0E8C97025EE8278003F521D /* View+UIApplication.swift in Sources */ = {isa = PBXBuildFile; fileRef = E0E8C96F25EE8278003F521D /* View+UIApplication.swift */; };
/* End PBXBuildFile section */

/* Begin PBXContainerItemProxy section */
		E0A8FC9225E565EF001783D3 /* PBXContainerItemProxy */ = {
			isa = PBXContainerItemProxy;
			containerPortal = E0A8FC7825E565EE001783D3 /* Project object */;
			proxyType = 1;
			remoteGlobalIDString = E0A8FC7F25E565EE001783D3;
			remoteInfo = UltimateTravelerTool_SwiftUI;
		};
		E0A8FC9D25E565EF001783D3 /* PBXContainerItemProxy */ = {
			isa = PBXContainerItemProxy;
			containerPortal = E0A8FC7825E565EE001783D3 /* Project object */;
			proxyType = 1;
			remoteGlobalIDString = E0A8FC7F25E565EE001783D3;
			remoteInfo = UltimateTravelerTool_SwiftUI;
		};
/* End PBXContainerItemProxy section */

/* Begin PBXFileReference section */
		E0171B9D25FFA0DB00A0B404 /* SelectViewModel.swift */ = {isa = PBXFileReference; lastKnownFileType = sourcecode.swift; path = SelectViewModel.swift; sourceTree = "<group>"; };
		E0171BAE260125E200A0B404 /* WeatherView.swift */ = {isa = PBXFileReference; lastKnownFileType = sourcecode.swift; path = WeatherView.swift; sourceTree = "<group>"; };
		E0171BB3260125EF00A0B404 /* WeatherCell.swift */ = {isa = PBXFileReference; lastKnownFileType = sourcecode.swift; path = WeatherCell.swift; sourceTree = "<group>"; };
		E0171BB8260125FB00A0B404 /* WeatherDteailView.swift */ = {isa = PBXFileReference; lastKnownFileType = sourcecode.swift; path = WeatherDteailView.swift; sourceTree = "<group>"; };
		E0171BBE2601261800A0B404 /* WeatherFetcher.swift */ = {isa = PBXFileReference; lastKnownFileType = sourcecode.swift; path = WeatherFetcher.swift; sourceTree = "<group>"; };
		E0171BC32601262100A0B404 /* WeatherResponse.swift */ = {isa = PBXFileReference; lastKnownFileType = sourcecode.swift; path = WeatherResponse.swift; sourceTree = "<group>"; };
		E0171BCC2601306D00A0B404 /* Weather.json */ = {isa = PBXFileReference; lastKnownFileType = text.json; path = Weather.json; sourceTree = "<group>"; };
		E0171BD12601309900A0B404 /* WeatherFakeData.swift */ = {isa = PBXFileReference; lastKnownFileType = sourcecode.swift; path = WeatherFakeData.swift; sourceTree = "<group>"; };
		E0171BD92601329B00A0B404 /* WeatherTest.swift */ = {isa = PBXFileReference; lastKnownFileType = sourcecode.swift; path = WeatherTest.swift; sourceTree = "<group>"; };
		E02F06CC25E93460004A1748 /* HTTPHelper.swift */ = {isa = PBXFileReference; lastKnownFileType = sourcecode.swift; path = HTTPHelper.swift; sourceTree = "<group>"; };
		E02F06D125E934AD004A1748 /* HTTPError.swift */ = {isa = PBXFileReference; lastKnownFileType = sourcecode.swift; path = HTTPError.swift; sourceTree = "<group>"; };
		E02F06D825E938E4004A1748 /* RestcountriesFetcher.swift */ = {isa = PBXFileReference; lastKnownFileType = sourcecode.swift; path = RestcountriesFetcher.swift; sourceTree = "<group>"; };
		E02F06DD25E93A14004A1748 /* RestcountriesResponse.swift */ = {isa = PBXFileReference; lastKnownFileType = sourcecode.swift; path = RestcountriesResponse.swift; sourceTree = "<group>"; };
		E02F06E325E93C07004A1748 /* Parsing.swift */ = {isa = PBXFileReference; lastKnownFileType = sourcecode.swift; path = Parsing.swift; sourceTree = "<group>"; };
		E02F06E825E93FE4004A1748 /* FixerFetcher.swift */ = {isa = PBXFileReference; lastKnownFileType = sourcecode.swift; path = FixerFetcher.swift; sourceTree = "<group>"; };
		E02F06ED25E93FEE004A1748 /* FixerResponse.swift */ = {isa = PBXFileReference; lastKnownFileType = sourcecode.swift; path = FixerResponse.swift; sourceTree = "<group>"; };
		E02F06F225E94578004A1748 /* MokeURLSession.swift */ = {isa = PBXFileReference; lastKnownFileType = sourcecode.swift; path = MokeURLSession.swift; sourceTree = "<group>"; };
		E02F070425E965CA004A1748 /* Fixer.json */ = {isa = PBXFileReference; lastKnownFileType = text.json; path = Fixer.json; sourceTree = "<group>"; };
		E02F070C25E965DD004A1748 /* FixerFakeResponse.swift */ = {isa = PBXFileReference; lastKnownFileType = sourcecode.swift; path = FixerFakeResponse.swift; sourceTree = "<group>"; };
		E02F071125E965FD004A1748 /* FixerTest.swift */ = {isa = PBXFileReference; lastKnownFileType = sourcecode.swift; path = FixerTest.swift; sourceTree = "<group>"; };
		E02F071725E9662A004A1748 /* RestcountriesTest.swift */ = {isa = PBXFileReference; lastKnownFileType = sourcecode.swift; path = RestcountriesTest.swift; sourceTree = "<group>"; };
		E02F071F25E9663C004A1748 /* RestcountriesFakeResponse.swift */ = {isa = PBXFileReference; lastKnownFileType = sourcecode.swift; path = RestcountriesFakeResponse.swift; sourceTree = "<group>"; };
		E02F072425E9664B004A1748 /* Restcountries.json */ = {isa = PBXFileReference; lastKnownFileType = text.json; path = Restcountries.json; sourceTree = "<group>"; };
		E0445C4125FB9D3F00735DA8 /* SearchBar.swift */ = {isa = PBXFileReference; lastKnownFileType = sourcecode.swift; path = SearchBar.swift; sourceTree = "<group>"; };
		E0A8FC8025E565EE001783D3 /* UltimateTravelerTool_SwiftUI.app */ = {isa = PBXFileReference; explicitFileType = wrapper.application; includeInIndex = 0; path = UltimateTravelerTool_SwiftUI.app; sourceTree = BUILT_PRODUCTS_DIR; };
		E0A8FC8325E565EE001783D3 /* UltimateTravelerTool_SwiftUIApp.swift */ = {isa = PBXFileReference; lastKnownFileType = sourcecode.swift; path = UltimateTravelerTool_SwiftUIApp.swift; sourceTree = "<group>"; };
		E0A8FC8525E565EE001783D3 /* ContentView.swift */ = {isa = PBXFileReference; lastKnownFileType = sourcecode.swift; path = ContentView.swift; sourceTree = "<group>"; };
		E0A8FC8725E565EF001783D3 /* Assets.xcassets */ = {isa = PBXFileReference; lastKnownFileType = folder.assetcatalog; path = Assets.xcassets; sourceTree = "<group>"; };
		E0A8FC8A25E565EF001783D3 /* Preview Assets.xcassets */ = {isa = PBXFileReference; lastKnownFileType = folder.assetcatalog; path = "Preview Assets.xcassets"; sourceTree = "<group>"; };
		E0A8FC8C25E565EF001783D3 /* Info.plist */ = {isa = PBXFileReference; lastKnownFileType = text.plist.xml; path = Info.plist; sourceTree = "<group>"; };
		E0A8FC9125E565EF001783D3 /* UltimateTravelerTool_SwiftUITests.xctest */ = {isa = PBXFileReference; explicitFileType = wrapper.cfbundle; includeInIndex = 0; path = UltimateTravelerTool_SwiftUITests.xctest; sourceTree = BUILT_PRODUCTS_DIR; };
		E0A8FC9525E565EF001783D3 /* UltimateTravelerTool_SwiftUITests.swift */ = {isa = PBXFileReference; lastKnownFileType = sourcecode.swift; path = UltimateTravelerTool_SwiftUITests.swift; sourceTree = "<group>"; };
		E0A8FC9725E565EF001783D3 /* Info.plist */ = {isa = PBXFileReference; lastKnownFileType = text.plist.xml; path = Info.plist; sourceTree = "<group>"; };
		E0A8FC9C25E565EF001783D3 /* UltimateTravelerTool_SwiftUIUITests.xctest */ = {isa = PBXFileReference; explicitFileType = wrapper.cfbundle; includeInIndex = 0; path = UltimateTravelerTool_SwiftUIUITests.xctest; sourceTree = BUILT_PRODUCTS_DIR; };
		E0A8FCA025E565EF001783D3 /* UltimateTravelerTool_SwiftUIUITests.swift */ = {isa = PBXFileReference; lastKnownFileType = sourcecode.swift; path = UltimateTravelerTool_SwiftUIUITests.swift; sourceTree = "<group>"; };
		E0A8FCA225E565EF001783D3 /* Info.plist */ = {isa = PBXFileReference; lastKnownFileType = text.plist.xml; path = Info.plist; sourceTree = "<group>"; };
		E0A8FCC525E566B8001783D3 /* APIConfigs.swift */ = {isa = PBXFileReference; lastKnownFileType = sourcecode.swift; path = APIConfigs.swift; sourceTree = "<group>"; };
		E0CA5AD525EBF01E00F1449B /* ExchangeView.swift */ = {isa = PBXFileReference; lastKnownFileType = sourcecode.swift; path = ExchangeView.swift; sourceTree = "<group>"; };
		E0CA5ADD25EBF32F00F1449B /* ExchangeViewModel.swift */ = {isa = PBXFileReference; lastKnownFileType = sourcecode.swift; path = ExchangeViewModel.swift; sourceTree = "<group>"; };
		E0CA5AE225EBF4C000F1449B /* CurrencyView.swift */ = {isa = PBXFileReference; lastKnownFileType = sourcecode.swift; path = CurrencyView.swift; sourceTree = "<group>"; };
		E0CA5AF225EC048000F1449B /* SelectCurrencyView.swift */ = {isa = PBXFileReference; lastKnownFileType = sourcecode.swift; path = SelectCurrencyView.swift; sourceTree = "<group>"; };
		E0CA5AF725EC07C800F1449B /* CountryListView.swift */ = {isa = PBXFileReference; lastKnownFileType = sourcecode.swift; path = CountryListView.swift; sourceTree = "<group>"; };
		E0CA5AFC25EC0BD600F1449B /* CurrencyListView.swift */ = {isa = PBXFileReference; lastKnownFileType = sourcecode.swift; path = CurrencyListView.swift; sourceTree = "<group>"; };
		E0DC055025FA3F38009CF2B6 /* HTTPSession.swift */ = {isa = PBXFileReference; lastKnownFileType = sourcecode.swift; path = HTTPSession.swift; sourceTree = "<group>"; };
		E0E8C96F25EE8278003F521D /* View+UIApplication.swift */ = {isa = PBXFileReference; lastKnownFileType = sourcecode.swift; path = "View+UIApplication.swift"; sourceTree = "<group>"; };
/* End PBXFileReference section */

/* Begin PBXFrameworksBuildPhase section */
		E0A8FC7D25E565EE001783D3 /* Frameworks */ = {
			isa = PBXFrameworksBuildPhase;
			buildActionMask = 2147483647;
			files = (
			);
			runOnlyForDeploymentPostprocessing = 0;
		};
		E0A8FC8E25E565EF001783D3 /* Frameworks */ = {
			isa = PBXFrameworksBuildPhase;
			buildActionMask = 2147483647;
			files = (
			);
			runOnlyForDeploymentPostprocessing = 0;
		};
		E0A8FC9925E565EF001783D3 /* Frameworks */ = {
			isa = PBXFrameworksBuildPhase;
			buildActionMask = 2147483647;
			files = (
			);
			runOnlyForDeploymentPostprocessing = 0;
		};
/* End PBXFrameworksBuildPhase section */

/* Begin PBXGroup section */
		E0171BAD260125CB00A0B404 /* Weather */ = {
			isa = PBXGroup;
			children = (
				E0171BAE260125E200A0B404 /* WeatherView.swift */,
				E0171BB3260125EF00A0B404 /* WeatherCell.swift */,
				E0171BB8260125FB00A0B404 /* WeatherDteailView.swift */,
			);
			path = Weather;
			sourceTree = "<group>";
		};
		E0171BBD2601260600A0B404 /* Weather */ = {
			isa = PBXGroup;
			children = (
				E0171BBE2601261800A0B404 /* WeatherFetcher.swift */,
				E0171BC32601262100A0B404 /* WeatherResponse.swift */,
			);
			path = Weather;
			sourceTree = "<group>";
		};
		E0171BC82601263500A0B404 /* WeatherTest */ = {
			isa = PBXGroup;
			children = (
				E0171BCC2601306D00A0B404 /* Weather.json */,
				E0171BD12601309900A0B404 /* WeatherFakeData.swift */,
				E0171BD92601329B00A0B404 /* WeatherTest.swift */,
			);
			path = WeatherTest;
			sourceTree = "<group>";
		};
		E02F06CA25E9341C004A1748 /* Exchange */ = {
			isa = PBXGroup;
			children = (
				E02F06D725E938C1004A1748 /* Fixer */,
				E02F06CB25E93427004A1748 /* RestCountries */,
			);
			path = Exchange;
			sourceTree = "<group>";
		};
		E02F06CB25E93427004A1748 /* RestCountries */ = {
			isa = PBXGroup;
			children = (
				E02F06D825E938E4004A1748 /* RestcountriesFetcher.swift */,
				E02F06DD25E93A14004A1748 /* RestcountriesResponse.swift */,
			);
			path = RestCountries;
			sourceTree = "<group>";
		};
		E02F06D725E938C1004A1748 /* Fixer */ = {
			isa = PBXGroup;
			children = (
				E02F06E825E93FE4004A1748 /* FixerFetcher.swift */,
				E02F06ED25E93FEE004A1748 /* FixerResponse.swift */,
			);
			path = Fixer;
			sourceTree = "<group>";
		};
		E02F06E225E93BFA004A1748 /* Utilities */ = {
			isa = PBXGroup;
			children = (
				E0445C4025FB9D1F00735DA8 /* UIView */,
				E02F06E325E93C07004A1748 /* Parsing.swift */,
				E0E8C96F25EE8278003F521D /* View+UIApplication.swift */,
			);
			path = Utilities;
			sourceTree = "<group>";
		};
		E02F06F725E96579004A1748 /* ExchangeTest */ = {
			isa = PBXGroup;
			children = (
				E02F071625E96618004A1748 /* RestcountriesTest */,
				E02F070325E965B5004A1748 /* FixerTest */,
			);
			path = ExchangeTest;
			sourceTree = "<group>";
		};
		E02F070325E965B5004A1748 /* FixerTest */ = {
			isa = PBXGroup;
			children = (
				E02F071125E965FD004A1748 /* FixerTest.swift */,
				E02F070C25E965DD004A1748 /* FixerFakeResponse.swift */,
				E02F070425E965CA004A1748 /* Fixer.json */,
			);
			path = FixerTest;
			sourceTree = "<group>";
		};
		E02F071625E96618004A1748 /* RestcountriesTest */ = {
			isa = PBXGroup;
			children = (
				E02F071725E9662A004A1748 /* RestcountriesTest.swift */,
				E02F071F25E9663C004A1748 /* RestcountriesFakeResponse.swift */,
				E02F072425E9664B004A1748 /* Restcountries.json */,
			);
			path = RestcountriesTest;
			sourceTree = "<group>";
		};
		E0445C4025FB9D1F00735DA8 /* UIView */ = {
			isa = PBXGroup;
			children = (
				E0445C4125FB9D3F00735DA8 /* SearchBar.swift */,
			);
			path = UIView;
			sourceTree = "<group>";
		};
		E05793E825EA35A000F060EB /* Exchange */ = {
			isa = PBXGroup;
			children = (
				E061EADE25EA7423001D981B /* SelectCurrency */,
				E0CA5AE225EBF4C000F1449B /* CurrencyView.swift */,
				E0CA5AD525EBF01E00F1449B /* ExchangeView.swift */,
			);
			path = Exchange;
			sourceTree = "<group>";
		};
		E05793F825EA3A7C00F060EB /* Exchange */ = {
			isa = PBXGroup;
			children = (
				E0CA5ADD25EBF32F00F1449B /* ExchangeViewModel.swift */,
				E0171B9D25FFA0DB00A0B404 /* SelectViewModel.swift */,
			);
			path = Exchange;
			sourceTree = "<group>";
		};
		E061EADE25EA7423001D981B /* SelectCurrency */ = {
			isa = PBXGroup;
			children = (
				E0CA5AF225EC048000F1449B /* SelectCurrencyView.swift */,
				E0CA5AF725EC07C800F1449B /* CountryListView.swift */,
				E0CA5AFC25EC0BD600F1449B /* CurrencyListView.swift */,
			);
			path = SelectCurrency;
			sourceTree = "<group>";
		};
		E0A8FC7725E565EE001783D3 = {
			isa = PBXGroup;
			children = (
				E0A8FC8225E565EE001783D3 /* UltimateTravelerTool_SwiftUI */,
				E0A8FC9425E565EF001783D3 /* UltimateTravelerTool_SwiftUITests */,
				E0A8FC9F25E565EF001783D3 /* UltimateTravelerTool_SwiftUIUITests */,
				E0A8FC8125E565EE001783D3 /* Products */,
			);
			sourceTree = "<group>";
		};
		E0A8FC8125E565EE001783D3 /* Products */ = {
			isa = PBXGroup;
			children = (
				E0A8FC8025E565EE001783D3 /* UltimateTravelerTool_SwiftUI.app */,
				E0A8FC9125E565EF001783D3 /* UltimateTravelerTool_SwiftUITests.xctest */,
				E0A8FC9C25E565EF001783D3 /* UltimateTravelerTool_SwiftUIUITests.xctest */,
			);
			name = Products;
			sourceTree = "<group>";
		};
		E0A8FC8225E565EE001783D3 /* UltimateTravelerTool_SwiftUI */ = {
			isa = PBXGroup;
			children = (
				E02F06E225E93BFA004A1748 /* Utilities */,
				E0A8FC8C25E565EF001783D3 /* Info.plist */,
				E0A8FCB525E56625001783D3 /* Supporting Files */,
				E0A8FCB425E56615001783D3 /* Model */,
				E0A8FCB125E56600001783D3 /* View */,
				E0A8FCB325E5660F001783D3 /* ViewModel */,
			);
			path = UltimateTravelerTool_SwiftUI;
			sourceTree = "<group>";
		};
		E0A8FC8925E565EF001783D3 /* Preview Content */ = {
			isa = PBXGroup;
			children = (
				E0A8FC8A25E565EF001783D3 /* Preview Assets.xcassets */,
			);
			path = "Preview Content";
			sourceTree = "<group>";
		};
		E0A8FC9425E565EF001783D3 /* UltimateTravelerTool_SwiftUITests */ = {
			isa = PBXGroup;
			children = (
				E0171BC82601263500A0B404 /* WeatherTest */,
				E02F06F725E96579004A1748 /* ExchangeTest */,
				E0A8FC9525E565EF001783D3 /* UltimateTravelerTool_SwiftUITests.swift */,
				E0A8FC9725E565EF001783D3 /* Info.plist */,
				E02F06F225E94578004A1748 /* MokeURLSession.swift */,
			);
			path = UltimateTravelerTool_SwiftUITests;
			sourceTree = "<group>";
		};
		E0A8FC9F25E565EF001783D3 /* UltimateTravelerTool_SwiftUIUITests */ = {
			isa = PBXGroup;
			children = (
				E0A8FCA025E565EF001783D3 /* UltimateTravelerTool_SwiftUIUITests.swift */,
				E0A8FCA225E565EF001783D3 /* Info.plist */,
			);
			path = UltimateTravelerTool_SwiftUIUITests;
			sourceTree = "<group>";
		};
		E0A8FCB125E56600001783D3 /* View */ = {
			isa = PBXGroup;
			children = (
				E0A8FC8525E565EE001783D3 /* ContentView.swift */,
				E05793E825EA35A000F060EB /* Exchange */,
				E0171BAD260125CB00A0B404 /* Weather */,
			);
			path = View;
			sourceTree = "<group>";
		};
		E0A8FCB325E5660F001783D3 /* ViewModel */ = {
			isa = PBXGroup;
			children = (
				E05793F825EA3A7C00F060EB /* Exchange */,
			);
			path = ViewModel;
			sourceTree = "<group>";
		};
		E0A8FCB425E56615001783D3 /* Model */ = {
			isa = PBXGroup;
			children = (
				E0A8FCCA25E5674E001783D3 /* Network */,
				E0171BBD2601260600A0B404 /* Weather */,
				E02F06CA25E9341C004A1748 /* Exchange */,
			);
			path = Model;
			sourceTree = "<group>";
		};
		E0A8FCB525E56625001783D3 /* Supporting Files */ = {
			isa = PBXGroup;
			children = (
				E0A8FC8325E565EE001783D3 /* UltimateTravelerTool_SwiftUIApp.swift */,
				E0A8FC8725E565EF001783D3 /* Assets.xcassets */,
				E0A8FC8925E565EF001783D3 /* Preview Content */,
			);
			path = "Supporting Files";
			sourceTree = "<group>";
		};
		E0A8FCCA25E5674E001783D3 /* Network */ = {
			isa = PBXGroup;
			children = (
				E0A8FCC525E566B8001783D3 /* APIConfigs.swift */,
				E0DC055025FA3F38009CF2B6 /* HTTPSession.swift */,
				E02F06CC25E93460004A1748 /* HTTPHelper.swift */,
				E02F06D125E934AD004A1748 /* HTTPError.swift */,
			);
			path = Network;
			sourceTree = "<group>";
		};
/* End PBXGroup section */

/* Begin PBXNativeTarget section */
		E0A8FC7F25E565EE001783D3 /* UltimateTravelerTool_SwiftUI */ = {
			isa = PBXNativeTarget;
			buildConfigurationList = E0A8FCA525E565EF001783D3 /* Build configuration list for PBXNativeTarget "UltimateTravelerTool_SwiftUI" */;
			buildPhases = (
				E0A8FC7C25E565EE001783D3 /* Sources */,
				E0A8FC7D25E565EE001783D3 /* Frameworks */,
				E0A8FC7E25E565EE001783D3 /* Resources */,
			);
			buildRules = (
			);
			dependencies = (
			);
			name = UltimateTravelerTool_SwiftUI;
			productName = UltimateTravelerTool_SwiftUI;
			productReference = E0A8FC8025E565EE001783D3 /* UltimateTravelerTool_SwiftUI.app */;
			productType = "com.apple.product-type.application";
		};
		E0A8FC9025E565EF001783D3 /* UltimateTravelerTool_SwiftUITests */ = {
			isa = PBXNativeTarget;
			buildConfigurationList = E0A8FCA825E565EF001783D3 /* Build configuration list for PBXNativeTarget "UltimateTravelerTool_SwiftUITests" */;
			buildPhases = (
				E0A8FC8D25E565EF001783D3 /* Sources */,
				E0A8FC8E25E565EF001783D3 /* Frameworks */,
				E0A8FC8F25E565EF001783D3 /* Resources */,
			);
			buildRules = (
			);
			dependencies = (
				E0A8FC9325E565EF001783D3 /* PBXTargetDependency */,
			);
			name = UltimateTravelerTool_SwiftUITests;
			productName = UltimateTravelerTool_SwiftUITests;
			productReference = E0A8FC9125E565EF001783D3 /* UltimateTravelerTool_SwiftUITests.xctest */;
			productType = "com.apple.product-type.bundle.unit-test";
		};
		E0A8FC9B25E565EF001783D3 /* UltimateTravelerTool_SwiftUIUITests */ = {
			isa = PBXNativeTarget;
			buildConfigurationList = E0A8FCAB25E565EF001783D3 /* Build configuration list for PBXNativeTarget "UltimateTravelerTool_SwiftUIUITests" */;
			buildPhases = (
				E0A8FC9825E565EF001783D3 /* Sources */,
				E0A8FC9925E565EF001783D3 /* Frameworks */,
				E0A8FC9A25E565EF001783D3 /* Resources */,
			);
			buildRules = (
			);
			dependencies = (
				E0A8FC9E25E565EF001783D3 /* PBXTargetDependency */,
			);
			name = UltimateTravelerTool_SwiftUIUITests;
			productName = UltimateTravelerTool_SwiftUIUITests;
			productReference = E0A8FC9C25E565EF001783D3 /* UltimateTravelerTool_SwiftUIUITests.xctest */;
			productType = "com.apple.product-type.bundle.ui-testing";
		};
/* End PBXNativeTarget section */

/* Begin PBXProject section */
		E0A8FC7825E565EE001783D3 /* Project object */ = {
			isa = PBXProject;
			attributes = {
				LastSwiftUpdateCheck = 1240;
				LastUpgradeCheck = 1240;
				TargetAttributes = {
					E0A8FC7F25E565EE001783D3 = {
						CreatedOnToolsVersion = 12.4;
					};
					E0A8FC9025E565EF001783D3 = {
						CreatedOnToolsVersion = 12.4;
						TestTargetID = E0A8FC7F25E565EE001783D3;
					};
					E0A8FC9B25E565EF001783D3 = {
						CreatedOnToolsVersion = 12.4;
						TestTargetID = E0A8FC7F25E565EE001783D3;
					};
				};
			};
			buildConfigurationList = E0A8FC7B25E565EE001783D3 /* Build configuration list for PBXProject "UltimateTravelerTool_SwiftUI" */;
			compatibilityVersion = "Xcode 9.3";
			developmentRegion = en;
			hasScannedForEncodings = 0;
			knownRegions = (
				en,
				Base,
			);
			mainGroup = E0A8FC7725E565EE001783D3;
			productRefGroup = E0A8FC8125E565EE001783D3 /* Products */;
			projectDirPath = "";
			projectRoot = "";
			targets = (
				E0A8FC7F25E565EE001783D3 /* UltimateTravelerTool_SwiftUI */,
				E0A8FC9025E565EF001783D3 /* UltimateTravelerTool_SwiftUITests */,
				E0A8FC9B25E565EF001783D3 /* UltimateTravelerTool_SwiftUIUITests */,
			);
		};
/* End PBXProject section */

/* Begin PBXResourcesBuildPhase section */
		E0A8FC7E25E565EE001783D3 /* Resources */ = {
			isa = PBXResourcesBuildPhase;
			buildActionMask = 2147483647;
			files = (
				E0A8FC8B25E565EF001783D3 /* Preview Assets.xcassets in Resources */,
				E0A8FC8825E565EF001783D3 /* Assets.xcassets in Resources */,
			);
			runOnlyForDeploymentPostprocessing = 0;
		};
		E0A8FC8F25E565EF001783D3 /* Resources */ = {
			isa = PBXResourcesBuildPhase;
			buildActionMask = 2147483647;
			files = (
				E0171BCD2601306D00A0B404 /* Weather.json in Resources */,
				E02F072525E9664B004A1748 /* Restcountries.json in Resources */,
				E02F070525E965CA004A1748 /* Fixer.json in Resources */,
			);
			runOnlyForDeploymentPostprocessing = 0;
		};
		E0A8FC9A25E565EF001783D3 /* Resources */ = {
			isa = PBXResourcesBuildPhase;
			buildActionMask = 2147483647;
			files = (
			);
			runOnlyForDeploymentPostprocessing = 0;
		};
/* End PBXResourcesBuildPhase section */

/* Begin PBXSourcesBuildPhase section */
		E0A8FC7C25E565EE001783D3 /* Sources */ = {
			isa = PBXSourcesBuildPhase;
			buildActionMask = 2147483647;
			files = (
				E0171BBF2601261800A0B404 /* WeatherFetcher.swift in Sources */,
				E0CA5AD625EBF01E00F1449B /* ExchangeView.swift in Sources */,
				E0171BB9260125FB00A0B404 /* WeatherDteailView.swift in Sources */,
				E0CA5ADE25EBF32F00F1449B /* ExchangeViewModel.swift in Sources */,
				E0171B9E25FFA0DB00A0B404 /* SelectViewModel.swift in Sources */,
				E02F06D925E938E4004A1748 /* RestcountriesFetcher.swift in Sources */,
				E0CA5AFD25EC0BD600F1449B /* CurrencyListView.swift in Sources */,
				E0A8FC8625E565EE001783D3 /* ContentView.swift in Sources */,
				E0A8FCC625E566B8001783D3 /* APIConfigs.swift in Sources */,
				E0CA5AF825EC07C800F1449B /* CountryListView.swift in Sources */,
				E02F06DE25E93A14004A1748 /* RestcountriesResponse.swift in Sources */,
				E0171BC42601262100A0B404 /* WeatherResponse.swift in Sources */,
				E0E8C97025EE8278003F521D /* View+UIApplication.swift in Sources */,
				E02F06E425E93C07004A1748 /* Parsing.swift in Sources */,
				E02F06E925E93FE4004A1748 /* FixerFetcher.swift in Sources */,
				E0171BAF260125E200A0B404 /* WeatherView.swift in Sources */,
				E0CA5AE325EBF4C000F1449B /* CurrencyView.swift in Sources */,
				E0DC055125FA3F38009CF2B6 /* HTTPSession.swift in Sources */,
				E0A8FC8425E565EE001783D3 /* UltimateTravelerTool_SwiftUIApp.swift in Sources */,
				E0171BB4260125EF00A0B404 /* WeatherCell.swift in Sources */,
				E02F06D225E934AD004A1748 /* HTTPError.swift in Sources */,
				E0445C4225FB9D3F00735DA8 /* SearchBar.swift in Sources */,
				E0CA5AF325EC048000F1449B /* SelectCurrencyView.swift in Sources */,
				E02F06CD25E93460004A1748 /* HTTPHelper.swift in Sources */,
				E02F06EE25E93FEE004A1748 /* FixerResponse.swift in Sources */,
			);
			runOnlyForDeploymentPostprocessing = 0;
		};
		E0A8FC8D25E565EF001783D3 /* Sources */ = {
			isa = PBXSourcesBuildPhase;
			buildActionMask = 2147483647;
			files = (
				E0171BD22601309900A0B404 /* WeatherFakeData.swift in Sources */,
				E02F070D25E965DD004A1748 /* FixerFakeResponse.swift in Sources */,
				E02F06F325E94578004A1748 /* MokeURLSession.swift in Sources */,
				E02D92E025EFB68000C2E692 /* FixerTest.swift in Sources */,
				E0171BDA2601329B00A0B404 /* WeatherTest.swift in Sources */,
				E02F072025E9663C004A1748 /* RestcountriesFakeResponse.swift in Sources */,
				E08965C325FA6A06007A2EE1 /* RestcountriesTest.swift in Sources */,
				E0A8FC9625E565EF001783D3 /* UltimateTravelerTool_SwiftUITests.swift in Sources */,
			);
			runOnlyForDeploymentPostprocessing = 0;
		};
		E0A8FC9825E565EF001783D3 /* Sources */ = {
			isa = PBXSourcesBuildPhase;
			buildActionMask = 2147483647;
			files = (
				E0A8FCA125E565EF001783D3 /* UltimateTravelerTool_SwiftUIUITests.swift in Sources */,
			);
			runOnlyForDeploymentPostprocessing = 0;
		};
/* End PBXSourcesBuildPhase section */

/* Begin PBXTargetDependency section */
		E0A8FC9325E565EF001783D3 /* PBXTargetDependency */ = {
			isa = PBXTargetDependency;
			target = E0A8FC7F25E565EE001783D3 /* UltimateTravelerTool_SwiftUI */;
			targetProxy = E0A8FC9225E565EF001783D3 /* PBXContainerItemProxy */;
		};
		E0A8FC9E25E565EF001783D3 /* PBXTargetDependency */ = {
			isa = PBXTargetDependency;
			target = E0A8FC7F25E565EE001783D3 /* UltimateTravelerTool_SwiftUI */;
			targetProxy = E0A8FC9D25E565EF001783D3 /* PBXContainerItemProxy */;
		};
/* End PBXTargetDependency section */

/* Begin XCBuildConfiguration section */
		E0A8FCA325E565EF001783D3 /* Debug */ = {
			isa = XCBuildConfiguration;
			buildSettings = {
				ALWAYS_SEARCH_USER_PATHS = NO;
				CLANG_ANALYZER_NONNULL = YES;
				CLANG_ANALYZER_NUMBER_OBJECT_CONVERSION = YES_AGGRESSIVE;
				CLANG_CXX_LANGUAGE_STANDARD = "gnu++14";
				CLANG_CXX_LIBRARY = "libc++";
				CLANG_ENABLE_MODULES = YES;
				CLANG_ENABLE_OBJC_ARC = YES;
				CLANG_ENABLE_OBJC_WEAK = YES;
				CLANG_WARN_BLOCK_CAPTURE_AUTORELEASING = YES;
				CLANG_WARN_BOOL_CONVERSION = YES;
				CLANG_WARN_COMMA = YES;
				CLANG_WARN_CONSTANT_CONVERSION = YES;
				CLANG_WARN_DEPRECATED_OBJC_IMPLEMENTATIONS = YES;
				CLANG_WARN_DIRECT_OBJC_ISA_USAGE = YES_ERROR;
				CLANG_WARN_DOCUMENTATION_COMMENTS = YES;
				CLANG_WARN_EMPTY_BODY = YES;
				CLANG_WARN_ENUM_CONVERSION = YES;
				CLANG_WARN_INFINITE_RECURSION = YES;
				CLANG_WARN_INT_CONVERSION = YES;
				CLANG_WARN_NON_LITERAL_NULL_CONVERSION = YES;
				CLANG_WARN_OBJC_IMPLICIT_RETAIN_SELF = YES;
				CLANG_WARN_OBJC_LITERAL_CONVERSION = YES;
				CLANG_WARN_OBJC_ROOT_CLASS = YES_ERROR;
				CLANG_WARN_QUOTED_INCLUDE_IN_FRAMEWORK_HEADER = YES;
				CLANG_WARN_RANGE_LOOP_ANALYSIS = YES;
				CLANG_WARN_STRICT_PROTOTYPES = YES;
				CLANG_WARN_SUSPICIOUS_MOVE = YES;
				CLANG_WARN_UNGUARDED_AVAILABILITY = YES_AGGRESSIVE;
				CLANG_WARN_UNREACHABLE_CODE = YES;
				CLANG_WARN__DUPLICATE_METHOD_MATCH = YES;
				COPY_PHASE_STRIP = NO;
				DEBUG_INFORMATION_FORMAT = dwarf;
				ENABLE_STRICT_OBJC_MSGSEND = YES;
				ENABLE_TESTABILITY = YES;
				GCC_C_LANGUAGE_STANDARD = gnu11;
				GCC_DYNAMIC_NO_PIC = NO;
				GCC_NO_COMMON_BLOCKS = YES;
				GCC_OPTIMIZATION_LEVEL = 0;
				GCC_PREPROCESSOR_DEFINITIONS = (
					"DEBUG=1",
					"$(inherited)",
				);
				GCC_WARN_64_TO_32_BIT_CONVERSION = YES;
				GCC_WARN_ABOUT_RETURN_TYPE = YES_ERROR;
				GCC_WARN_UNDECLARED_SELECTOR = YES;
				GCC_WARN_UNINITIALIZED_AUTOS = YES_AGGRESSIVE;
				GCC_WARN_UNUSED_FUNCTION = YES;
				GCC_WARN_UNUSED_VARIABLE = YES;
				IPHONEOS_DEPLOYMENT_TARGET = 14.4;
				MTL_ENABLE_DEBUG_INFO = INCLUDE_SOURCE;
				MTL_FAST_MATH = YES;
				ONLY_ACTIVE_ARCH = YES;
				SDKROOT = iphoneos;
				SWIFT_ACTIVE_COMPILATION_CONDITIONS = DEBUG;
				SWIFT_OPTIMIZATION_LEVEL = "-Onone";
			};
			name = Debug;
		};
		E0A8FCA425E565EF001783D3 /* Release */ = {
			isa = XCBuildConfiguration;
			buildSettings = {
				ALWAYS_SEARCH_USER_PATHS = NO;
				CLANG_ANALYZER_NONNULL = YES;
				CLANG_ANALYZER_NUMBER_OBJECT_CONVERSION = YES_AGGRESSIVE;
				CLANG_CXX_LANGUAGE_STANDARD = "gnu++14";
				CLANG_CXX_LIBRARY = "libc++";
				CLANG_ENABLE_MODULES = YES;
				CLANG_ENABLE_OBJC_ARC = YES;
				CLANG_ENABLE_OBJC_WEAK = YES;
				CLANG_WARN_BLOCK_CAPTURE_AUTORELEASING = YES;
				CLANG_WARN_BOOL_CONVERSION = YES;
				CLANG_WARN_COMMA = YES;
				CLANG_WARN_CONSTANT_CONVERSION = YES;
				CLANG_WARN_DEPRECATED_OBJC_IMPLEMENTATIONS = YES;
				CLANG_WARN_DIRECT_OBJC_ISA_USAGE = YES_ERROR;
				CLANG_WARN_DOCUMENTATION_COMMENTS = YES;
				CLANG_WARN_EMPTY_BODY = YES;
				CLANG_WARN_ENUM_CONVERSION = YES;
				CLANG_WARN_INFINITE_RECURSION = YES;
				CLANG_WARN_INT_CONVERSION = YES;
				CLANG_WARN_NON_LITERAL_NULL_CONVERSION = YES;
				CLANG_WARN_OBJC_IMPLICIT_RETAIN_SELF = YES;
				CLANG_WARN_OBJC_LITERAL_CONVERSION = YES;
				CLANG_WARN_OBJC_ROOT_CLASS = YES_ERROR;
				CLANG_WARN_QUOTED_INCLUDE_IN_FRAMEWORK_HEADER = YES;
				CLANG_WARN_RANGE_LOOP_ANALYSIS = YES;
				CLANG_WARN_STRICT_PROTOTYPES = YES;
				CLANG_WARN_SUSPICIOUS_MOVE = YES;
				CLANG_WARN_UNGUARDED_AVAILABILITY = YES_AGGRESSIVE;
				CLANG_WARN_UNREACHABLE_CODE = YES;
				CLANG_WARN__DUPLICATE_METHOD_MATCH = YES;
				COPY_PHASE_STRIP = NO;
				DEBUG_INFORMATION_FORMAT = "dwarf-with-dsym";
				ENABLE_NS_ASSERTIONS = NO;
				ENABLE_STRICT_OBJC_MSGSEND = YES;
				GCC_C_LANGUAGE_STANDARD = gnu11;
				GCC_NO_COMMON_BLOCKS = YES;
				GCC_WARN_64_TO_32_BIT_CONVERSION = YES;
				GCC_WARN_ABOUT_RETURN_TYPE = YES_ERROR;
				GCC_WARN_UNDECLARED_SELECTOR = YES;
				GCC_WARN_UNINITIALIZED_AUTOS = YES_AGGRESSIVE;
				GCC_WARN_UNUSED_FUNCTION = YES;
				GCC_WARN_UNUSED_VARIABLE = YES;
				IPHONEOS_DEPLOYMENT_TARGET = 14.4;
				MTL_ENABLE_DEBUG_INFO = NO;
				MTL_FAST_MATH = YES;
				SDKROOT = iphoneos;
				SWIFT_COMPILATION_MODE = wholemodule;
				SWIFT_OPTIMIZATION_LEVEL = "-O";
				VALIDATE_PRODUCT = YES;
			};
			name = Release;
		};
		E0A8FCA625E565EF001783D3 /* Debug */ = {
			isa = XCBuildConfiguration;
			buildSettings = {
				ASSETCATALOG_COMPILER_APPICON_NAME = AppIcon;
				ASSETCATALOG_COMPILER_GLOBAL_ACCENT_COLOR_NAME = AccentColor;
				CODE_SIGN_STYLE = Automatic;
				DEVELOPMENT_ASSET_PATHS = "\"UltimateTravelerTool_SwiftUI/Supporting Files/Preview Content\"";
				DEVELOPMENT_TEAM = V6M3YC3LQG;
				ENABLE_PREVIEWS = YES;
				INFOPLIST_FILE = UltimateTravelerTool_SwiftUI/Info.plist;
				IPHONEOS_DEPLOYMENT_TARGET = 14.0;
				LD_RUNPATH_SEARCH_PATHS = (
					"$(inherited)",
					"@executable_path/Frameworks",
				);
				PRODUCT_BUNDLE_IDENTIFIER = "com.mickaelruzel.UltimateTravelerTool-SwiftUI";
				PRODUCT_NAME = "$(TARGET_NAME)";
				SWIFT_VERSION = 5.0;
				TARGETED_DEVICE_FAMILY = "1,2";
			};
			name = Debug;
		};
		E0A8FCA725E565EF001783D3 /* Release */ = {
			isa = XCBuildConfiguration;
			buildSettings = {
				ASSETCATALOG_COMPILER_APPICON_NAME = AppIcon;
				ASSETCATALOG_COMPILER_GLOBAL_ACCENT_COLOR_NAME = AccentColor;
				CODE_SIGN_STYLE = Automatic;
				DEVELOPMENT_ASSET_PATHS = "\"UltimateTravelerTool_SwiftUI/Supporting Files/Preview Content\"";
				DEVELOPMENT_TEAM = V6M3YC3LQG;
				ENABLE_PREVIEWS = YES;
				INFOPLIST_FILE = UltimateTravelerTool_SwiftUI/Info.plist;
				IPHONEOS_DEPLOYMENT_TARGET = 14.0;
				LD_RUNPATH_SEARCH_PATHS = (
					"$(inherited)",
					"@executable_path/Frameworks",
				);
				PRODUCT_BUNDLE_IDENTIFIER = "com.mickaelruzel.UltimateTravelerTool-SwiftUI";
				PRODUCT_NAME = "$(TARGET_NAME)";
				SWIFT_VERSION = 5.0;
				TARGETED_DEVICE_FAMILY = "1,2";
			};
			name = Release;
		};
		E0A8FCA925E565EF001783D3 /* Debug */ = {
			isa = XCBuildConfiguration;
			buildSettings = {
				ALWAYS_EMBED_SWIFT_STANDARD_LIBRARIES = YES;
				BUNDLE_LOADER = "$(TEST_HOST)";
				CODE_SIGN_STYLE = Automatic;
				DEVELOPMENT_TEAM = V6M3YC3LQG;
				INFOPLIST_FILE = UltimateTravelerTool_SwiftUITests/Info.plist;
				IPHONEOS_DEPLOYMENT_TARGET = 14.0;
				LD_RUNPATH_SEARCH_PATHS = (
					"$(inherited)",
					"@executable_path/Frameworks",
					"@loader_path/Frameworks",
				);
				PRODUCT_BUNDLE_IDENTIFIER = "com.mickaelruzel.UltimateTravelerTool-SwiftUITests";
				PRODUCT_NAME = "$(TARGET_NAME)";
				SWIFT_VERSION = 5.0;
				TARGETED_DEVICE_FAMILY = "1,2";
				TEST_HOST = "$(BUILT_PRODUCTS_DIR)/UltimateTravelerTool_SwiftUI.app/UltimateTravelerTool_SwiftUI";
			};
			name = Debug;
		};
		E0A8FCAA25E565EF001783D3 /* Release */ = {
			isa = XCBuildConfiguration;
			buildSettings = {
				ALWAYS_EMBED_SWIFT_STANDARD_LIBRARIES = YES;
				BUNDLE_LOADER = "$(TEST_HOST)";
				CODE_SIGN_STYLE = Automatic;
				DEVELOPMENT_TEAM = V6M3YC3LQG;
				INFOPLIST_FILE = UltimateTravelerTool_SwiftUITests/Info.plist;
				IPHONEOS_DEPLOYMENT_TARGET = 14.0;
				LD_RUNPATH_SEARCH_PATHS = (
					"$(inherited)",
					"@executable_path/Frameworks",
					"@loader_path/Frameworks",
				);
				PRODUCT_BUNDLE_IDENTIFIER = "com.mickaelruzel.UltimateTravelerTool-SwiftUITests";
				PRODUCT_NAME = "$(TARGET_NAME)";
				SWIFT_VERSION = 5.0;
				TARGETED_DEVICE_FAMILY = "1,2";
				TEST_HOST = "$(BUILT_PRODUCTS_DIR)/UltimateTravelerTool_SwiftUI.app/UltimateTravelerTool_SwiftUI";
			};
			name = Release;
		};
		E0A8FCAC25E565EF001783D3 /* Debug */ = {
			isa = XCBuildConfiguration;
			buildSettings = {
				ALWAYS_EMBED_SWIFT_STANDARD_LIBRARIES = YES;
				CODE_SIGN_STYLE = Automatic;
				DEVELOPMENT_TEAM = V6M3YC3LQG;
				INFOPLIST_FILE = UltimateTravelerTool_SwiftUIUITests/Info.plist;
				LD_RUNPATH_SEARCH_PATHS = (
					"$(inherited)",
					"@executable_path/Frameworks",
					"@loader_path/Frameworks",
				);
				PRODUCT_BUNDLE_IDENTIFIER = "com.mickaelruzel.UltimateTravelerTool-SwiftUIUITests";
				PRODUCT_NAME = "$(TARGET_NAME)";
				SWIFT_VERSION = 5.0;
				TARGETED_DEVICE_FAMILY = "1,2";
				TEST_TARGET_NAME = UltimateTravelerTool_SwiftUI;
			};
			name = Debug;
		};
		E0A8FCAD25E565EF001783D3 /* Release */ = {
			isa = XCBuildConfiguration;
			buildSettings = {
				ALWAYS_EMBED_SWIFT_STANDARD_LIBRARIES = YES;
				CODE_SIGN_STYLE = Automatic;
				DEVELOPMENT_TEAM = V6M3YC3LQG;
				INFOPLIST_FILE = UltimateTravelerTool_SwiftUIUITests/Info.plist;
				LD_RUNPATH_SEARCH_PATHS = (
					"$(inherited)",
					"@executable_path/Frameworks",
					"@loader_path/Frameworks",
				);
				PRODUCT_BUNDLE_IDENTIFIER = "com.mickaelruzel.UltimateTravelerTool-SwiftUIUITests";
				PRODUCT_NAME = "$(TARGET_NAME)";
				SWIFT_VERSION = 5.0;
				TARGETED_DEVICE_FAMILY = "1,2";
				TEST_TARGET_NAME = UltimateTravelerTool_SwiftUI;
			};
			name = Release;
		};
/* End XCBuildConfiguration section */

/* Begin XCConfigurationList section */
		E0A8FC7B25E565EE001783D3 /* Build configuration list for PBXProject "UltimateTravelerTool_SwiftUI" */ = {
			isa = XCConfigurationList;
			buildConfigurations = (
				E0A8FCA325E565EF001783D3 /* Debug */,
				E0A8FCA425E565EF001783D3 /* Release */,
			);
			defaultConfigurationIsVisible = 0;
			defaultConfigurationName = Release;
		};
		E0A8FCA525E565EF001783D3 /* Build configuration list for PBXNativeTarget "UltimateTravelerTool_SwiftUI" */ = {
			isa = XCConfigurationList;
			buildConfigurations = (
				E0A8FCA625E565EF001783D3 /* Debug */,
				E0A8FCA725E565EF001783D3 /* Release */,
			);
			defaultConfigurationIsVisible = 0;
			defaultConfigurationName = Release;
		};
		E0A8FCA825E565EF001783D3 /* Build configuration list for PBXNativeTarget "UltimateTravelerTool_SwiftUITests" */ = {
			isa = XCConfigurationList;
			buildConfigurations = (
				E0A8FCA925E565EF001783D3 /* Debug */,
				E0A8FCAA25E565EF001783D3 /* Release */,
			);
			defaultConfigurationIsVisible = 0;
			defaultConfigurationName = Release;
		};
		E0A8FCAB25E565EF001783D3 /* Build configuration list for PBXNativeTarget "UltimateTravelerTool_SwiftUIUITests" */ = {
			isa = XCConfigurationList;
			buildConfigurations = (
				E0A8FCAC25E565EF001783D3 /* Debug */,
				E0A8FCAD25E565EF001783D3 /* Release */,
			);
			defaultConfigurationIsVisible = 0;
			defaultConfigurationName = Release;
		};
/* End XCConfigurationList section */
	};
	rootObject = E0A8FC7825E565EE001783D3 /* Project object */;
}
